
Microsoft Visual Studio Solution File, Format Version 12.00
# Visual Studio Version 17
VisualStudioVersion = 17.0.32014.148
MinimumVisualStudioVersion = 10.0.40219.1
Project("{FAE04EC0-301F-11D3-BF4B-00C04F79EFBC}") = "FinalProject", "FinalProject\FinalProject.csproj", "{A9E7B410-6970-4FD4-9FCE-4160845F1602}"
EndProject
Global
	GlobalSection(SolutionConfigurationPlatforms) = preSolution
		Debug|Any CPU = Debug|Any CPU
		Release|Any CPU = Release|Any CPU
	EndGlobalSection
	GlobalSection(ProjectConfigurationPlatforms) = postSolution
		{A9E7B410-6970-4FD4-9FCE-4160845F1602}.Debug|Any CPU.ActiveCfg = Debug|Any CPU
		{A9E7B410-6970-4FD4-9FCE-4160845F1602}.Debug|Any CPU.Build.0 = Debug|Any CPU
		{A9E7B410-6970-4FD4-9FCE-4160845F1602}.Release|Any CPU.ActiveCfg = Release|Any CPU
		{A9E7B410-6970-4FD4-9FCE-4160845F1602}.Release|Any CPU.Build.0 = Release|Any CPU
	EndGlobalSection
	GlobalSection(SolutionProperties) = preSolution
		HideSolutionNode = FALSE
	EndGlobalSection
	GlobalSection(ExtensibilityGlobals) = postSolution
		SolutionGuid = {B0DD97F8-EDEE-4501-B053-907E6C73CF68}
	EndGlobalSection
EndGlobal
